
Microsoft Visual Studio Solution File, Format Version 12.00
# Visual Studio 15
VisualStudioVersion = 15.0.26906.1
MinimumVisualStudioVersion = 10.0.40219.1
Project("{9A19103F-16F7-4668-BE54-9A1E7A4F7556}") = "Dockering.IntegrationTests", "Dockering.IntegrationTests.csproj", "{51CC96FD-7A87-46FB-9691-8C87D25D1C6E}"
EndProject
Global
	GlobalSection(SolutionConfigurationPlatforms) = preSolution
		Debug|Any CPU = Debug|Any CPU
		Release|Any CPU = Release|Any CPU
	EndGlobalSection
	GlobalSection(ProjectConfigurationPlatforms) = postSolution
		{51CC96FD-7A87-46FB-9691-8C87D25D1C6E}.Debug|Any CPU.ActiveCfg = Debug|Any CPU
		{51CC96FD-7A87-46FB-9691-8C87D25D1C6E}.Debug|Any CPU.Build.0 = Debug|Any CPU
		{51CC96FD-7A87-46FB-9691-8C87D25D1C6E}.Release|Any CPU.ActiveCfg = Release|Any CPU
		{51CC96FD-7A87-46FB-9691-8C87D25D1C6E}.Release|Any CPU.Build.0 = Release|Any CPU
	EndGlobalSection
	GlobalSection(SolutionProperties) = preSolution
		HideSolutionNode = FALSE
	EndGlobalSection
	GlobalSection(ExtensibilityGlobals) = postSolution
		SolutionGuid = {316AAE69-BD08-4FF3-BCCB-7D71F867D28D}
	EndGlobalSection
EndGlobal
