
Microsoft Visual Studio Solution File, Format Version 12.00
# Visual Studio 15
VisualStudioVersion = 15.0.26906.1
MinimumVisualStudioVersion = 10.0.40219.1
Project("{9A19103F-16F7-4668-BE54-9A1E7A4F7556}") = "Dockering.Web", "Dockering.Web\Dockering.Web.csproj", "{1ABF1262-5138-4E87-AE54-40DD7CE18A88}"
EndProject
Project("{9A19103F-16F7-4668-BE54-9A1E7A4F7556}") = "Dockering.Test", "Dockering.Test\Dockering.Test.csproj", "{0B0E5ABC-4E86-4F51-B4E1-8B2F9A818AC1}"
EndProject
Global
	GlobalSection(SolutionConfigurationPlatforms) = preSolution
		Debug|Any CPU = Debug|Any CPU
		Release|Any CPU = Release|Any CPU
	EndGlobalSection
	GlobalSection(ProjectConfigurationPlatforms) = postSolution
		{1ABF1262-5138-4E87-AE54-40DD7CE18A88}.Debug|Any CPU.ActiveCfg = Debug|Any CPU
		{1ABF1262-5138-4E87-AE54-40DD7CE18A88}.Debug|Any CPU.Build.0 = Debug|Any CPU
		{1ABF1262-5138-4E87-AE54-40DD7CE18A88}.Release|Any CPU.ActiveCfg = Release|Any CPU
		{1ABF1262-5138-4E87-AE54-40DD7CE18A88}.Release|Any CPU.Build.0 = Release|Any CPU
		{0B0E5ABC-4E86-4F51-B4E1-8B2F9A818AC1}.Debug|Any CPU.ActiveCfg = Debug|Any CPU
		{0B0E5ABC-4E86-4F51-B4E1-8B2F9A818AC1}.Debug|Any CPU.Build.0 = Debug|Any CPU
		{0B0E5ABC-4E86-4F51-B4E1-8B2F9A818AC1}.Release|Any CPU.ActiveCfg = Release|Any CPU
		{0B0E5ABC-4E86-4F51-B4E1-8B2F9A818AC1}.Release|Any CPU.Build.0 = Release|Any CPU
	EndGlobalSection
	GlobalSection(SolutionProperties) = preSolution
		HideSolutionNode = FALSE
	EndGlobalSection
	GlobalSection(ExtensibilityGlobals) = postSolution
		SolutionGuid = {431C34D3-B4DD-4D71-9D5B-55F507BD7D05}
	EndGlobalSection
EndGlobal
